
Microsoft Visual Studio Solution File, Format Version 12.00
# Visual Studio 2013
VisualStudioVersion = 12.0.21005.1
MinimumVisualStudioVersion = 10.0.40219.1
Project("{8BC9CEB8-8B4A-11D0-8D11-00A0C91BC942}") = "牛客", "牛客\牛客.vcxproj", "{BF4EE1A9-B178-47F4-A077-B8F6341511C7}"
EndProject
Project("{8BC9CEB8-8B4A-11D0-8D11-00A0C91BC942}") = "0414", "day0414\day0414.vcxproj", "{78A2CC40-C8D8-4D70-8B18-134368C21594}"
EndProject
Project("{8BC9CEB8-8B4A-11D0-8D11-00A0C91BC942}") = "0417", "0417\0417.vcxproj", "{04D9B653-2B0E-4548-B6DD-EB1F4CB8B9A5}"
EndProject
Project("{8BC9CEB8-8B4A-11D0-8D11-00A0C91BC942}") = "0416", "0416\0416.vcxproj", "{91D1A412-6F08-426E-A2F5-D3DC472E8919}"
EndProject
Project("{8BC9CEB8-8B4A-11D0-8D11-00A0C91BC942}") = "0418", "0418\0418.vcxproj", "{A8F25C0F-E1CA-4241-9501-11694D704B55}"
EndProject
Project("{8BC9CEB8-8B4A-11D0-8D11-00A0C91BC942}") = "0425Linux", "0425Linux\0425Linux.vcxproj", "{8E15CF54-8A46-41D8-B829-B478B1C85598}"
EndProject
Project("{8BC9CEB8-8B4A-11D0-8D11-00A0C91BC942}") = "0426", "0426\0426.vcxproj", "{E60DDFFD-D39E-4C2F-A465-84FCFC08D261}"
EndProject
Global
	GlobalSection(SolutionConfigurationPlatforms) = preSolution
		Debug|Win32 = Debug|Win32
		Release|Win32 = Release|Win32
	EndGlobalSection
	GlobalSection(ProjectConfigurationPlatforms) = postSolution
		{BF4EE1A9-B178-47F4-A077-B8F6341511C7}.Debug|Win32.ActiveCfg = Debug|Win32
		{BF4EE1A9-B178-47F4-A077-B8F6341511C7}.Debug|Win32.Build.0 = Debug|Win32
		{BF4EE1A9-B178-47F4-A077-B8F6341511C7}.Release|Win32.ActiveCfg = Release|Win32
		{BF4EE1A9-B178-47F4-A077-B8F6341511C7}.Release|Win32.Build.0 = Release|Win32
		{78A2CC40-C8D8-4D70-8B18-134368C21594}.Debug|Win32.ActiveCfg = Debug|Win32
		{78A2CC40-C8D8-4D70-8B18-134368C21594}.Debug|Win32.Build.0 = Debug|Win32
		{78A2CC40-C8D8-4D70-8B18-134368C21594}.Release|Win32.ActiveCfg = Release|Win32
		{78A2CC40-C8D8-4D70-8B18-134368C21594}.Release|Win32.Build.0 = Release|Win32
		{04D9B653-2B0E-4548-B6DD-EB1F4CB8B9A5}.Debug|Win32.ActiveCfg = Debug|Win32
		{04D9B653-2B0E-4548-B6DD-EB1F4CB8B9A5}.Debug|Win32.Build.0 = Debug|Win32
		{04D9B653-2B0E-4548-B6DD-EB1F4CB8B9A5}.Release|Win32.ActiveCfg = Release|Win32
		{04D9B653-2B0E-4548-B6DD-EB1F4CB8B9A5}.Release|Win32.Build.0 = Release|Win32
		{91D1A412-6F08-426E-A2F5-D3DC472E8919}.Debug|Win32.ActiveCfg = Debug|Win32
		{91D1A412-6F08-426E-A2F5-D3DC472E8919}.Debug|Win32.Build.0 = Debug|Win32
		{91D1A412-6F08-426E-A2F5-D3DC472E8919}.Release|Win32.ActiveCfg = Release|Win32
		{91D1A412-6F08-426E-A2F5-D3DC472E8919}.Release|Win32.Build.0 = Release|Win32
		{A8F25C0F-E1CA-4241-9501-11694D704B55}.Debug|Win32.ActiveCfg = Debug|Win32
		{A8F25C0F-E1CA-4241-9501-11694D704B55}.Debug|Win32.Build.0 = Debug|Win32
		{A8F25C0F-E1CA-4241-9501-11694D704B55}.Release|Win32.ActiveCfg = Release|Win32
		{A8F25C0F-E1CA-4241-9501-11694D704B55}.Release|Win32.Build.0 = Release|Win32
		{8E15CF54-8A46-41D8-B829-B478B1C85598}.Debug|Win32.ActiveCfg = Debug|Win32
		{8E15CF54-8A46-41D8-B829-B478B1C85598}.Debug|Win32.Build.0 = Debug|Win32
		{8E15CF54-8A46-41D8-B829-B478B1C85598}.Release|Win32.ActiveCfg = Release|Win32
		{8E15CF54-8A46-41D8-B829-B478B1C85598}.Release|Win32.Build.0 = Release|Win32
		{E60DDFFD-D39E-4C2F-A465-84FCFC08D261}.Debug|Win32.ActiveCfg = Debug|Win32
		{E60DDFFD-D39E-4C2F-A465-84FCFC08D261}.Debug|Win32.Build.0 = Debug|Win32
		{E60DDFFD-D39E-4C2F-A465-84FCFC08D261}.Release|Win32.ActiveCfg = Release|Win32
		{E60DDFFD-D39E-4C2F-A465-84FCFC08D261}.Release|Win32.Build.0 = Release|Win32
	EndGlobalSection
	GlobalSection(SolutionProperties) = preSolution
		HideSolutionNode = FALSE
	EndGlobalSection
EndGlobal
